// !$*UTF8*$!
{
	archiveVersion = 1;
	classes = {
	};
	objectVersion = 56;
	objects = {

/* Begin PBXBuildFile section */
		0627678D2C91D1A3006B896F /* FlickrAppGardenApp.swift in Sources */ = {isa = PBXBuildFile; fileRef = 0627678C2C91D1A3006B896F /* FlickrAppGardenApp.swift */; };
		0627678F2C91D1A3006B896F /* ContentView.swift in Sources */ = {isa = PBXBuildFile; fileRef = 0627678E2C91D1A3006B896F /* ContentView.swift */; };
		062767912C91D1A4006B896F /* Assets.xcassets in Resources */ = {isa = PBXBuildFile; fileRef = 062767902C91D1A4006B896F /* Assets.xcassets */; };
		062767942C91D1A4006B896F /* Preview Assets.xcassets in Resources */ = {isa = PBXBuildFile; fileRef = 062767932C91D1A4006B896F /* Preview Assets.xcassets */; };
		0627679E2C91D1A5006B896F /* FlickrAppGardenTests.swift in Sources */ = {isa = PBXBuildFile; fileRef = 0627679D2C91D1A5006B896F /* FlickrAppGardenTests.swift */; };
		062767A82C91D1A5006B896F /* FlickrAppGardenUITests.swift in Sources */ = {isa = PBXBuildFile; fileRef = 062767A72C91D1A5006B896F /* FlickrAppGardenUITests.swift */; };
		062767AA2C91D1A5006B896F /* FlickrAppGardenUITestsLaunchTests.swift in Sources */ = {isa = PBXBuildFile; fileRef = 062767A92C91D1A5006B896F /* FlickrAppGardenUITestsLaunchTests.swift */; };
		062767B82C91D233006B896F /* DMCachedImage in Frameworks */ = {isa = PBXBuildFile; productRef = 062767B72C91D233006B896F /* DMCachedImage */; };
		062767BB2C91D289006B896F /* StringExtensions.swift in Sources */ = {isa = PBXBuildFile; fileRef = 062767BA2C91D289006B896F /* StringExtensions.swift */; };
		062767BE2C91D2E8006B896F /* FlickrService.swift in Sources */ = {isa = PBXBuildFile; fileRef = 062767BD2C91D2E8006B896F /* FlickrService.swift */; };
		062767C02C91D349006B896F /* NetworkMonitorService.swift in Sources */ = {isa = PBXBuildFile; fileRef = 062767BF2C91D349006B896F /* NetworkMonitorService.swift */; };
		062767C22C91D35B006B896F /* HTTPClient.swift in Sources */ = {isa = PBXBuildFile; fileRef = 062767C12C91D35B006B896F /* HTTPClient.swift */; };
		062767C52C91D378006B896F /* Post.swift in Sources */ = {isa = PBXBuildFile; fileRef = 062767C42C91D378006B896F /* Post.swift */; };
		062767C72C91D38F006B896F /* Media.swift in Sources */ = {isa = PBXBuildFile; fileRef = 062767C62C91D38F006B896F /* Media.swift */; };
		062767C92C91D3A0006B896F /* FlickrResponse.swift in Sources */ = {isa = PBXBuildFile; fileRef = 062767C82C91D3A0006B896F /* FlickrResponse.swift */; };
/* End PBXBuildFile section */

/* Begin PBXContainerItemProxy section */
		0627679A2C91D1A5006B896F /* PBXContainerItemProxy */ = {
			isa = PBXContainerItemProxy;
			containerPortal = 062767812C91D1A3006B896F /* Project object */;
			proxyType = 1;
			remoteGlobalIDString = 062767882C91D1A3006B896F;
			remoteInfo = FlickrAppGarden;
		};
		062767A42C91D1A5006B896F /* PBXContainerItemProxy */ = {
			isa = PBXContainerItemProxy;
			containerPortal = 062767812C91D1A3006B896F /* Project object */;
			proxyType = 1;
			remoteGlobalIDString = 062767882C91D1A3006B896F;
			remoteInfo = FlickrAppGarden;
		};
/* End PBXContainerItemProxy section */

/* Begin PBXFileReference section */
		062767892C91D1A3006B896F /* FlickrAppGarden.app */ = {isa = PBXFileReference; explicitFileType = wrapper.application; includeInIndex = 0; path = FlickrAppGarden.app; sourceTree = BUILT_PRODUCTS_DIR; };
		0627678C2C91D1A3006B896F /* FlickrAppGardenApp.swift */ = {isa = PBXFileReference; lastKnownFileType = sourcecode.swift; path = FlickrAppGardenApp.swift; sourceTree = "<group>"; };
		0627678E2C91D1A3006B896F /* ContentView.swift */ = {isa = PBXFileReference; lastKnownFileType = sourcecode.swift; path = ContentView.swift; sourceTree = "<group>"; };
		062767902C91D1A4006B896F /* Assets.xcassets */ = {isa = PBXFileReference; lastKnownFileType = folder.assetcatalog; path = Assets.xcassets; sourceTree = "<group>"; };
		062767932C91D1A4006B896F /* Preview Assets.xcassets */ = {isa = PBXFileReference; lastKnownFileType = folder.assetcatalog; path = "Preview Assets.xcassets"; sourceTree = "<group>"; };
		062767992C91D1A5006B896F /* FlickrAppGardenTests.xctest */ = {isa = PBXFileReference; explicitFileType = wrapper.cfbundle; includeInIndex = 0; path = FlickrAppGardenTests.xctest; sourceTree = BUILT_PRODUCTS_DIR; };
		0627679D2C91D1A5006B896F /* FlickrAppGardenTests.swift */ = {isa = PBXFileReference; lastKnownFileType = sourcecode.swift; path = FlickrAppGardenTests.swift; sourceTree = "<group>"; };
		062767A32C91D1A5006B896F /* FlickrAppGardenUITests.xctest */ = {isa = PBXFileReference; explicitFileType = wrapper.cfbundle; includeInIndex = 0; path = FlickrAppGardenUITests.xctest; sourceTree = BUILT_PRODUCTS_DIR; };
		062767A72C91D1A5006B896F /* FlickrAppGardenUITests.swift */ = {isa = PBXFileReference; lastKnownFileType = sourcecode.swift; path = FlickrAppGardenUITests.swift; sourceTree = "<group>"; };
		062767A92C91D1A5006B896F /* FlickrAppGardenUITestsLaunchTests.swift */ = {isa = PBXFileReference; lastKnownFileType = sourcecode.swift; path = FlickrAppGardenUITestsLaunchTests.swift; sourceTree = "<group>"; };
		062767BA2C91D289006B896F /* StringExtensions.swift */ = {isa = PBXFileReference; lastKnownFileType = sourcecode.swift; path = StringExtensions.swift; sourceTree = "<group>"; };
		062767BD2C91D2E8006B896F /* FlickrService.swift */ = {isa = PBXFileReference; lastKnownFileType = sourcecode.swift; path = FlickrService.swift; sourceTree = "<group>"; };
		062767BF2C91D349006B896F /* NetworkMonitorService.swift */ = {isa = PBXFileReference; lastKnownFileType = sourcecode.swift; path = NetworkMonitorService.swift; sourceTree = "<group>"; };
		062767C12C91D35B006B896F /* HTTPClient.swift */ = {isa = PBXFileReference; lastKnownFileType = sourcecode.swift; path = HTTPClient.swift; sourceTree = "<group>"; };
		062767C42C91D378006B896F /* Post.swift */ = {isa = PBXFileReference; lastKnownFileType = sourcecode.swift; path = Post.swift; sourceTree = "<group>"; };
		062767C62C91D38F006B896F /* Media.swift */ = {isa = PBXFileReference; lastKnownFileType = sourcecode.swift; path = Media.swift; sourceTree = "<group>"; };
		062767C82C91D3A0006B896F /* FlickrResponse.swift */ = {isa = PBXFileReference; lastKnownFileType = sourcecode.swift; path = FlickrResponse.swift; sourceTree = "<group>"; };
/* End PBXFileReference section */

/* Begin PBXFrameworksBuildPhase section */
		062767862C91D1A3006B896F /* Frameworks */ = {
			isa = PBXFrameworksBuildPhase;
			buildActionMask = 2147483647;
			files = (
				062767B82C91D233006B896F /* DMCachedImage in Frameworks */,
			);
			runOnlyForDeploymentPostprocessing = 0;
		};
		062767962C91D1A5006B896F /* Frameworks */ = {
			isa = PBXFrameworksBuildPhase;
			buildActionMask = 2147483647;
			files = (
			);
			runOnlyForDeploymentPostprocessing = 0;
		};
		062767A02C91D1A5006B896F /* Frameworks */ = {
			isa = PBXFrameworksBuildPhase;
			buildActionMask = 2147483647;
			files = (
			);
			runOnlyForDeploymentPostprocessing = 0;
		};
/* End PBXFrameworksBuildPhase section */

/* Begin PBXGroup section */
		062767802C91D1A3006B896F = {
			isa = PBXGroup;
			children = (
				0627678B2C91D1A3006B896F /* FlickrAppGarden */,
				0627679C2C91D1A5006B896F /* FlickrAppGardenTests */,
				062767A62C91D1A5006B896F /* FlickrAppGardenUITests */,
				0627678A2C91D1A3006B896F /* Products */,
			);
			sourceTree = "<group>";
		};
		0627678A2C91D1A3006B896F /* Products */ = {
			isa = PBXGroup;
			children = (
				062767892C91D1A3006B896F /* FlickrAppGarden.app */,
				062767992C91D1A5006B896F /* FlickrAppGardenTests.xctest */,
				062767A32C91D1A5006B896F /* FlickrAppGardenUITests.xctest */,
			);
			name = Products;
			sourceTree = "<group>";
		};
		0627678B2C91D1A3006B896F /* FlickrAppGarden */ = {
			isa = PBXGroup;
			children = (
				062767C32C91D36B006B896F /* Models */,
				062767BC2C91D2D8006B896F /* Services */,
				062767B92C91D247006B896F /* Extensions */,
				0627678C2C91D1A3006B896F /* FlickrAppGardenApp.swift */,
				0627678E2C91D1A3006B896F /* ContentView.swift */,
				062767902C91D1A4006B896F /* Assets.xcassets */,
				062767922C91D1A4006B896F /* Preview Content */,
			);
			path = FlickrAppGarden;
			sourceTree = "<group>";
		};
		062767922C91D1A4006B896F /* Preview Content */ = {
			isa = PBXGroup;
			children = (
				062767932C91D1A4006B896F /* Preview Assets.xcassets */,
			);
			path = "Preview Content";
			sourceTree = "<group>";
		};
		0627679C2C91D1A5006B896F /* FlickrAppGardenTests */ = {
			isa = PBXGroup;
			children = (
				0627679D2C91D1A5006B896F /* FlickrAppGardenTests.swift */,
			);
			path = FlickrAppGardenTests;
			sourceTree = "<group>";
		};
		062767A62C91D1A5006B896F /* FlickrAppGardenUITests */ = {
			isa = PBXGroup;
			children = (
				062767A72C91D1A5006B896F /* FlickrAppGardenUITests.swift */,
				062767A92C91D1A5006B896F /* FlickrAppGardenUITestsLaunchTests.swift */,
			);
			path = FlickrAppGardenUITests;
			sourceTree = "<group>";
		};
		062767B92C91D247006B896F /* Extensions */ = {
			isa = PBXGroup;
			children = (
				062767BA2C91D289006B896F /* StringExtensions.swift */,
			);
			path = Extensions;
			sourceTree = "<group>";
		};
		062767BC2C91D2D8006B896F /* Services */ = {
			isa = PBXGroup;
			children = (
				062767BD2C91D2E8006B896F /* FlickrService.swift */,
				062767BF2C91D349006B896F /* NetworkMonitorService.swift */,
				062767C12C91D35B006B896F /* HTTPClient.swift */,
			);
			path = Services;
			sourceTree = "<group>";
		};
		062767C32C91D36B006B896F /* Models */ = {
			isa = PBXGroup;
			children = (
				062767C42C91D378006B896F /* Post.swift */,
				062767C62C91D38F006B896F /* Media.swift */,
				062767C82C91D3A0006B896F /* FlickrResponse.swift */,
			);
			path = Models;
			sourceTree = "<group>";
		};
/* End PBXGroup section */

/* Begin PBXNativeTarget section */
		062767882C91D1A3006B896F /* FlickrAppGarden */ = {
			isa = PBXNativeTarget;
			buildConfigurationList = 062767AD2C91D1A5006B896F /* Build configuration list for PBXNativeTarget "FlickrAppGarden" */;
			buildPhases = (
				062767852C91D1A3006B896F /* Sources */,
				062767862C91D1A3006B896F /* Frameworks */,
				062767872C91D1A3006B896F /* Resources */,
			);
			buildRules = (
			);
			dependencies = (
			);
			name = FlickrAppGarden;
			packageProductDependencies = (
				062767B72C91D233006B896F /* DMCachedImage */,
			);
			productName = FlickrAppGarden;
			productReference = 062767892C91D1A3006B896F /* FlickrAppGarden.app */;
			productType = "com.apple.product-type.application";
		};
		062767982C91D1A5006B896F /* FlickrAppGardenTests */ = {
			isa = PBXNativeTarget;
			buildConfigurationList = 062767B02C91D1A5006B896F /* Build configuration list for PBXNativeTarget "FlickrAppGardenTests" */;
			buildPhases = (
				062767952C91D1A5006B896F /* Sources */,
				062767962C91D1A5006B896F /* Frameworks */,
				062767972C91D1A5006B896F /* Resources */,
			);
			buildRules = (
			);
			dependencies = (
				0627679B2C91D1A5006B896F /* PBXTargetDependency */,
			);
			name = FlickrAppGardenTests;
			productName = FlickrAppGardenTests;
			productReference = 062767992C91D1A5006B896F /* FlickrAppGardenTests.xctest */;
			productType = "com.apple.product-type.bundle.unit-test";
		};
		062767A22C91D1A5006B896F /* FlickrAppGardenUITests */ = {
			isa = PBXNativeTarget;
			buildConfigurationList = 062767B32C91D1A5006B896F /* Build configuration list for PBXNativeTarget "FlickrAppGardenUITests" */;
			buildPhases = (
				0627679F2C91D1A5006B896F /* Sources */,
				062767A02C91D1A5006B896F /* Frameworks */,
				062767A12C91D1A5006B896F /* Resources */,
			);
			buildRules = (
			);
			dependencies = (
				062767A52C91D1A5006B896F /* PBXTargetDependency */,
			);
			name = FlickrAppGardenUITests;
			productName = FlickrAppGardenUITests;
			productReference = 062767A32C91D1A5006B896F /* FlickrAppGardenUITests.xctest */;
			productType = "com.apple.product-type.bundle.ui-testing";
		};
/* End PBXNativeTarget section */

/* Begin PBXProject section */
		062767812C91D1A3006B896F /* Project object */ = {
			isa = PBXProject;
			attributes = {
				BuildIndependentTargetsInParallel = 1;
				LastSwiftUpdateCheck = 1540;
				LastUpgradeCheck = 1540;
				TargetAttributes = {
					062767882C91D1A3006B896F = {
						CreatedOnToolsVersion = 15.4;
					};
					062767982C91D1A5006B896F = {
						CreatedOnToolsVersion = 15.4;
						TestTargetID = 062767882C91D1A3006B896F;
					};
					062767A22C91D1A5006B896F = {
						CreatedOnToolsVersion = 15.4;
						TestTargetID = 062767882C91D1A3006B896F;
					};
				};
			};
			buildConfigurationList = 062767842C91D1A3006B896F /* Build configuration list for PBXProject "FlickrAppGarden" */;
			compatibilityVersion = "Xcode 14.0";
			developmentRegion = en;
			hasScannedForEncodings = 0;
			knownRegions = (
				en,
				Base,
			);
			mainGroup = 062767802C91D1A3006B896F;
			packageReferences = (
				062767B62C91D233006B896F /* XCRemoteSwiftPackageReference "DMCachedImage" */,
			);
			productRefGroup = 0627678A2C91D1A3006B896F /* Products */;
			projectDirPath = "";
			projectRoot = "";
			targets = (
				062767882C91D1A3006B896F /* FlickrAppGarden */,
				062767982C91D1A5006B896F /* FlickrAppGardenTests */,
				062767A22C91D1A5006B896F /* FlickrAppGardenUITests */,
			);
		};
/* End PBXProject section */

/* Begin PBXResourcesBuildPhase section */
		062767872C91D1A3006B896F /* Resources */ = {
			isa = PBXResourcesBuildPhase;
			buildActionMask = 2147483647;
			files = (
				062767942C91D1A4006B896F /* Preview Assets.xcassets in Resources */,
				062767912C91D1A4006B896F /* Assets.xcassets in Resources */,
			);
			runOnlyForDeploymentPostprocessing = 0;
		};
		062767972C91D1A5006B896F /* Resources */ = {
			isa = PBXResourcesBuildPhase;
			buildActionMask = 2147483647;
			files = (
			);
			runOnlyForDeploymentPostprocessing = 0;
		};
		062767A12C91D1A5006B896F /* Resources */ = {
			isa = PBXResourcesBuildPhase;
			buildActionMask = 2147483647;
			files = (
			);
			runOnlyForDeploymentPostprocessing = 0;
		};
/* End PBXResourcesBuildPhase section */

/* Begin PBXSourcesBuildPhase section */
		062767852C91D1A3006B896F /* Sources */ = {
			isa = PBXSourcesBuildPhase;
			buildActionMask = 2147483647;
			files = (
				062767C02C91D349006B896F /* NetworkMonitorService.swift in Sources */,
				062767BB2C91D289006B896F /* StringExtensions.swift in Sources */,
				062767C92C91D3A0006B896F /* FlickrResponse.swift in Sources */,
				062767C22C91D35B006B896F /* HTTPClient.swift in Sources */,
				0627678F2C91D1A3006B896F /* ContentView.swift in Sources */,
				062767BE2C91D2E8006B896F /* FlickrService.swift in Sources */,
				062767C52C91D378006B896F /* Post.swift in Sources */,
				062767C72C91D38F006B896F /* Media.swift in Sources */,
				0627678D2C91D1A3006B896F /* FlickrAppGardenApp.swift in Sources */,
			);
			runOnlyForDeploymentPostprocessing = 0;
		};
		062767952C91D1A5006B896F /* Sources */ = {
			isa = PBXSourcesBuildPhase;
			buildActionMask = 2147483647;
			files = (
				0627679E2C91D1A5006B896F /* FlickrAppGardenTests.swift in Sources */,
			);
			runOnlyForDeploymentPostprocessing = 0;
		};
		0627679F2C91D1A5006B896F /* Sources */ = {
			isa = PBXSourcesBuildPhase;
			buildActionMask = 2147483647;
			files = (
				062767AA2C91D1A5006B896F /* FlickrAppGardenUITestsLaunchTests.swift in Sources */,
				062767A82C91D1A5006B896F /* FlickrAppGardenUITests.swift in Sources */,
			);
			runOnlyForDeploymentPostprocessing = 0;
		};
/* End PBXSourcesBuildPhase section */

/* Begin PBXTargetDependency section */
		0627679B2C91D1A5006B896F /* PBXTargetDependency */ = {
			isa = PBXTargetDependency;
			target = 062767882C91D1A3006B896F /* FlickrAppGarden */;
			targetProxy = 0627679A2C91D1A5006B896F /* PBXContainerItemProxy */;
		};
		062767A52C91D1A5006B896F /* PBXTargetDependency */ = {
			isa = PBXTargetDependency;
			target = 062767882C91D1A3006B896F /* FlickrAppGarden */;
			targetProxy = 062767A42C91D1A5006B896F /* PBXContainerItemProxy */;
		};
/* End PBXTargetDependency section */

/* Begin XCBuildConfiguration section */
		062767AB2C91D1A5006B896F /* Debug */ = {
			isa = XCBuildConfiguration;
			buildSettings = {
				ALWAYS_SEARCH_USER_PATHS = NO;
				ASSETCATALOG_COMPILER_GENERATE_SWIFT_ASSET_SYMBOL_EXTENSIONS = YES;
				CLANG_ANALYZER_NONNULL = YES;
				CLANG_ANALYZER_NUMBER_OBJECT_CONVERSION = YES_AGGRESSIVE;
				CLANG_CXX_LANGUAGE_STANDARD = "gnu++20";
				CLANG_ENABLE_MODULES = YES;
				CLANG_ENABLE_OBJC_ARC = YES;
				CLANG_ENABLE_OBJC_WEAK = YES;
				CLANG_WARN_BLOCK_CAPTURE_AUTORELEASING = YES;
				CLANG_WARN_BOOL_CONVERSION = YES;
				CLANG_WARN_COMMA = YES;
				CLANG_WARN_CONSTANT_CONVERSION = YES;
				CLANG_WARN_DEPRECATED_OBJC_IMPLEMENTATIONS = YES;
				CLANG_WARN_DIRECT_OBJC_ISA_USAGE = YES_ERROR;
				CLANG_WARN_DOCUMENTATION_COMMENTS = YES;
				CLANG_WARN_EMPTY_BODY = YES;
				CLANG_WARN_ENUM_CONVERSION = YES;
				CLANG_WARN_INFINITE_RECURSION = YES;
				CLANG_WARN_INT_CONVERSION = YES;
				CLANG_WARN_NON_LITERAL_NULL_CONVERSION = YES;
				CLANG_WARN_OBJC_IMPLICIT_RETAIN_SELF = YES;
				CLANG_WARN_OBJC_LITERAL_CONVERSION = YES;
				CLANG_WARN_OBJC_ROOT_CLASS = YES_ERROR;
				CLANG_WARN_QUOTED_INCLUDE_IN_FRAMEWORK_HEADER = YES;
				CLANG_WARN_RANGE_LOOP_ANALYSIS = YES;
				CLANG_WARN_STRICT_PROTOTYPES = YES;
				CLANG_WARN_SUSPICIOUS_MOVE = YES;
				CLANG_WARN_UNGUARDED_AVAILABILITY = YES_AGGRESSIVE;
				CLANG_WARN_UNREACHABLE_CODE = YES;
				CLANG_WARN__DUPLICATE_METHOD_MATCH = YES;
				COPY_PHASE_STRIP = NO;
				DEBUG_INFORMATION_FORMAT = dwarf;
				ENABLE_STRICT_OBJC_MSGSEND = YES;
				ENABLE_TESTABILITY = YES;
				ENABLE_USER_SCRIPT_SANDBOXING = YES;
				GCC_C_LANGUAGE_STANDARD = gnu17;
				GCC_DYNAMIC_NO_PIC = NO;
				GCC_NO_COMMON_BLOCKS = YES;
				GCC_OPTIMIZATION_LEVEL = 0;
				GCC_PREPROCESSOR_DEFINITIONS = (
					"DEBUG=1",
					"$(inherited)",
				);
				GCC_WARN_64_TO_32_BIT_CONVERSION = YES;
				GCC_WARN_ABOUT_RETURN_TYPE = YES_ERROR;
				GCC_WARN_UNDECLARED_SELECTOR = YES;
				GCC_WARN_UNINITIALIZED_AUTOS = YES_AGGRESSIVE;
				GCC_WARN_UNUSED_FUNCTION = YES;
				GCC_WARN_UNUSED_VARIABLE = YES;
				IPHONEOS_DEPLOYMENT_TARGET = 17.5;
				LOCALIZATION_PREFERS_STRING_CATALOGS = YES;
				MTL_ENABLE_DEBUG_INFO = INCLUDE_SOURCE;
				MTL_FAST_MATH = YES;
				ONLY_ACTIVE_ARCH = YES;
				SDKROOT = iphoneos;
				SWIFT_ACTIVE_COMPILATION_CONDITIONS = "DEBUG $(inherited)";
				SWIFT_OPTIMIZATION_LEVEL = "-Onone";
			};
			name = Debug;
		};
		062767AC2C91D1A5006B896F /* Release */ = {
			isa = XCBuildConfiguration;
			buildSettings = {
				ALWAYS_SEARCH_USER_PATHS = NO;
				ASSETCATALOG_COMPILER_GENERATE_SWIFT_ASSET_SYMBOL_EXTENSIONS = YES;
				CLANG_ANALYZER_NONNULL = YES;
				CLANG_ANALYZER_NUMBER_OBJECT_CONVERSION = YES_AGGRESSIVE;
				CLANG_CXX_LANGUAGE_STANDARD = "gnu++20";
				CLANG_ENABLE_MODULES = YES;
				CLANG_ENABLE_OBJC_ARC = YES;
				CLANG_ENABLE_OBJC_WEAK = YES;
				CLANG_WARN_BLOCK_CAPTURE_AUTORELEASING = YES;
				CLANG_WARN_BOOL_CONVERSION = YES;
				CLANG_WARN_COMMA = YES;
				CLANG_WARN_CONSTANT_CONVERSION = YES;
				CLANG_WARN_DEPRECATED_OBJC_IMPLEMENTATIONS = YES;
				CLANG_WARN_DIRECT_OBJC_ISA_USAGE = YES_ERROR;
				CLANG_WARN_DOCUMENTATION_COMMENTS = YES;
				CLANG_WARN_EMPTY_BODY = YES;
				CLANG_WARN_ENUM_CONVERSION = YES;
				CLANG_WARN_INFINITE_RECURSION = YES;
				CLANG_WARN_INT_CONVERSION = YES;
				CLANG_WARN_NON_LITERAL_NULL_CONVERSION = YES;
				CLANG_WARN_OBJC_IMPLICIT_RETAIN_SELF = YES;
				CLANG_WARN_OBJC_LITERAL_CONVERSION = YES;
				CLANG_WARN_OBJC_ROOT_CLASS = YES_ERROR;
				CLANG_WARN_QUOTED_INCLUDE_IN_FRAMEWORK_HEADER = YES;
				CLANG_WARN_RANGE_LOOP_ANALYSIS = YES;
				CLANG_WARN_STRICT_PROTOTYPES = YES;
				CLANG_WARN_SUSPICIOUS_MOVE = YES;
				CLANG_WARN_UNGUARDED_AVAILABILITY = YES_AGGRESSIVE;
				CLANG_WARN_UNREACHABLE_CODE = YES;
				CLANG_WARN__DUPLICATE_METHOD_MATCH = YES;
				COPY_PHASE_STRIP = NO;
				DEBUG_INFORMATION_FORMAT = "dwarf-with-dsym";
				ENABLE_NS_ASSERTIONS = NO;
				ENABLE_STRICT_OBJC_MSGSEND = YES;
				ENABLE_USER_SCRIPT_SANDBOXING = YES;
				GCC_C_LANGUAGE_STANDARD = gnu17;
				GCC_NO_COMMON_BLOCKS = YES;
				GCC_WARN_64_TO_32_BIT_CONVERSION = YES;
				GCC_WARN_ABOUT_RETURN_TYPE = YES_ERROR;
				GCC_WARN_UNDECLARED_SELECTOR = YES;
				GCC_WARN_UNINITIALIZED_AUTOS = YES_AGGRESSIVE;
				GCC_WARN_UNUSED_FUNCTION = YES;
				GCC_WARN_UNUSED_VARIABLE = YES;
				IPHONEOS_DEPLOYMENT_TARGET = 17.5;
				LOCALIZATION_PREFERS_STRING_CATALOGS = YES;
				MTL_ENABLE_DEBUG_INFO = NO;
				MTL_FAST_MATH = YES;
				SDKROOT = iphoneos;
				SWIFT_COMPILATION_MODE = wholemodule;
				VALIDATE_PRODUCT = YES;
			};
			name = Release;
		};
		062767AE2C91D1A5006B896F /* Debug */ = {
			isa = XCBuildConfiguration;
			buildSettings = {
				ASSETCATALOG_COMPILER_APPICON_NAME = AppIcon;
				ASSETCATALOG_COMPILER_GLOBAL_ACCENT_COLOR_NAME = AccentColor;
				CODE_SIGN_STYLE = Automatic;
				CURRENT_PROJECT_VERSION = 1;
				DEVELOPMENT_ASSET_PATHS = "\"FlickrAppGarden/Preview Content\"";
				DEVELOPMENT_TEAM = WP84YCCZ8G;
				ENABLE_PREVIEWS = YES;
				GENERATE_INFOPLIST_FILE = YES;
				INFOPLIST_KEY_UIApplicationSceneManifest_Generation = YES;
				INFOPLIST_KEY_UIApplicationSupportsIndirectInputEvents = YES;
				INFOPLIST_KEY_UILaunchScreen_Generation = YES;
				INFOPLIST_KEY_UISupportedInterfaceOrientations_iPad = "UIInterfaceOrientationPortrait UIInterfaceOrientationPortraitUpsideDown UIInterfaceOrientationLandscapeLeft UIInterfaceOrientationLandscapeRight";
				INFOPLIST_KEY_UISupportedInterfaceOrientations_iPhone = "UIInterfaceOrientationPortrait UIInterfaceOrientationLandscapeLeft UIInterfaceOrientationLandscapeRight";
				LD_RUNPATH_SEARCH_PATHS = (
					"$(inherited)",
					"@executable_path/Frameworks",
				);
				MARKETING_VERSION = 1.0;
				PRODUCT_BUNDLE_IDENTIFIER = com.danielmori.FlickrAppGarden;
				PRODUCT_NAME = "$(TARGET_NAME)";
				SWIFT_EMIT_LOC_STRINGS = YES;
				SWIFT_VERSION = 5.0;
				TARGETED_DEVICE_FAMILY = "1,2";
			};
			name = Debug;
		};
		062767AF2C91D1A5006B896F /* Release */ = {
			isa = XCBuildConfiguration;
			buildSettings = {
				ASSETCATALOG_COMPILER_APPICON_NAME = AppIcon;
				ASSETCATALOG_COMPILER_GLOBAL_ACCENT_COLOR_NAME = AccentColor;
				CODE_SIGN_STYLE = Automatic;
				CURRENT_PROJECT_VERSION = 1;
				DEVELOPMENT_ASSET_PATHS = "\"FlickrAppGarden/Preview Content\"";
				DEVELOPMENT_TEAM = WP84YCCZ8G;
				ENABLE_PREVIEWS = YES;
				GENERATE_INFOPLIST_FILE = YES;
				INFOPLIST_KEY_UIApplicationSceneManifest_Generation = YES;
				INFOPLIST_KEY_UIApplicationSupportsIndirectInputEvents = YES;
				INFOPLIST_KEY_UILaunchScreen_Generation = YES;
				INFOPLIST_KEY_UISupportedInterfaceOrientations_iPad = "UIInterfaceOrientationPortrait UIInterfaceOrientationPortraitUpsideDown UIInterfaceOrientationLandscapeLeft UIInterfaceOrientationLandscapeRight";
				INFOPLIST_KEY_UISupportedInterfaceOrientations_iPhone = "UIInterfaceOrientationPortrait UIInterfaceOrientationLandscapeLeft UIInterfaceOrientationLandscapeRight";
				LD_RUNPATH_SEARCH_PATHS = (
					"$(inherited)",
					"@executable_path/Frameworks",
				);
				MARKETING_VERSION = 1.0;
				PRODUCT_BUNDLE_IDENTIFIER = com.danielmori.FlickrAppGarden;
				PRODUCT_NAME = "$(TARGET_NAME)";
				SWIFT_EMIT_LOC_STRINGS = YES;
				SWIFT_VERSION = 5.0;
				TARGETED_DEVICE_FAMILY = "1,2";
			};
			name = Release;
		};
		062767B12C91D1A5006B896F /* Debug */ = {
			isa = XCBuildConfiguration;
			buildSettings = {
				ALWAYS_EMBED_SWIFT_STANDARD_LIBRARIES = YES;
				BUNDLE_LOADER = "$(TEST_HOST)";
				CODE_SIGN_STYLE = Automatic;
				CURRENT_PROJECT_VERSION = 1;
				DEVELOPMENT_TEAM = WP84YCCZ8G;
				GENERATE_INFOPLIST_FILE = YES;
				IPHONEOS_DEPLOYMENT_TARGET = 17.5;
				MARKETING_VERSION = 1.0;
				PRODUCT_BUNDLE_IDENTIFIER = com.danielmori.FlickrAppGardenTests;
				PRODUCT_NAME = "$(TARGET_NAME)";
				SWIFT_EMIT_LOC_STRINGS = NO;
				SWIFT_VERSION = 5.0;
				TARGETED_DEVICE_FAMILY = "1,2";
				TEST_HOST = "$(BUILT_PRODUCTS_DIR)/FlickrAppGarden.app/$(BUNDLE_EXECUTABLE_FOLDER_PATH)/FlickrAppGarden";
			};
			name = Debug;
		};
		062767B22C91D1A5006B896F /* Release */ = {
			isa = XCBuildConfiguration;
			buildSettings = {
				ALWAYS_EMBED_SWIFT_STANDARD_LIBRARIES = YES;
				BUNDLE_LOADER = "$(TEST_HOST)";
				CODE_SIGN_STYLE = Automatic;
				CURRENT_PROJECT_VERSION = 1;
				DEVELOPMENT_TEAM = WP84YCCZ8G;
				GENERATE_INFOPLIST_FILE = YES;
				IPHONEOS_DEPLOYMENT_TARGET = 17.5;
				MARKETING_VERSION = 1.0;
				PRODUCT_BUNDLE_IDENTIFIER = com.danielmori.FlickrAppGardenTests;
				PRODUCT_NAME = "$(TARGET_NAME)";
				SWIFT_EMIT_LOC_STRINGS = NO;
				SWIFT_VERSION = 5.0;
				TARGETED_DEVICE_FAMILY = "1,2";
				TEST_HOST = "$(BUILT_PRODUCTS_DIR)/FlickrAppGarden.app/$(BUNDLE_EXECUTABLE_FOLDER_PATH)/FlickrAppGarden";
			};
			name = Release;
		};
		062767B42C91D1A5006B896F /* Debug */ = {
			isa = XCBuildConfiguration;
			buildSettings = {
				ALWAYS_EMBED_SWIFT_STANDARD_LIBRARIES = YES;
				CODE_SIGN_STYLE = Automatic;
				CURRENT_PROJECT_VERSION = 1;
				DEVELOPMENT_TEAM = WP84YCCZ8G;
				GENERATE_INFOPLIST_FILE = YES;
				MARKETING_VERSION = 1.0;
				PRODUCT_BUNDLE_IDENTIFIER = com.danielmori.FlickrAppGardenUITests;
				PRODUCT_NAME = "$(TARGET_NAME)";
				SWIFT_EMIT_LOC_STRINGS = NO;
				SWIFT_VERSION = 5.0;
				TARGETED_DEVICE_FAMILY = "1,2";
				TEST_TARGET_NAME = FlickrAppGarden;
			};
			name = Debug;
		};
		062767B52C91D1A5006B896F /* Release */ = {
			isa = XCBuildConfiguration;
			buildSettings = {
				ALWAYS_EMBED_SWIFT_STANDARD_LIBRARIES = YES;
				CODE_SIGN_STYLE = Automatic;
				CURRENT_PROJECT_VERSION = 1;
				DEVELOPMENT_TEAM = WP84YCCZ8G;
				GENERATE_INFOPLIST_FILE = YES;
				MARKETING_VERSION = 1.0;
				PRODUCT_BUNDLE_IDENTIFIER = com.danielmori.FlickrAppGardenUITests;
				PRODUCT_NAME = "$(TARGET_NAME)";
				SWIFT_EMIT_LOC_STRINGS = NO;
				SWIFT_VERSION = 5.0;
				TARGETED_DEVICE_FAMILY = "1,2";
				TEST_TARGET_NAME = FlickrAppGarden;
			};
			name = Release;
		};
/* End XCBuildConfiguration section */

/* Begin XCConfigurationList section */
		062767842C91D1A3006B896F /* Build configuration list for PBXProject "FlickrAppGarden" */ = {
			isa = XCConfigurationList;
			buildConfigurations = (
				062767AB2C91D1A5006B896F /* Debug */,
				062767AC2C91D1A5006B896F /* Release */,
			);
			defaultConfigurationIsVisible = 0;
			defaultConfigurationName = Release;
		};
		062767AD2C91D1A5006B896F /* Build configuration list for PBXNativeTarget "FlickrAppGarden" */ = {
			isa = XCConfigurationList;
			buildConfigurations = (
				062767AE2C91D1A5006B896F /* Debug */,
				062767AF2C91D1A5006B896F /* Release */,
			);
			defaultConfigurationIsVisible = 0;
			defaultConfigurationName = Release;
		};
		062767B02C91D1A5006B896F /* Build configuration list for PBXNativeTarget "FlickrAppGardenTests" */ = {
			isa = XCConfigurationList;
			buildConfigurations = (
				062767B12C91D1A5006B896F /* Debug */,
				062767B22C91D1A5006B896F /* Release */,
			);
			defaultConfigurationIsVisible = 0;
			defaultConfigurationName = Release;
		};
		062767B32C91D1A5006B896F /* Build configuration list for PBXNativeTarget "FlickrAppGardenUITests" */ = {
			isa = XCConfigurationList;
			buildConfigurations = (
				062767B42C91D1A5006B896F /* Debug */,
				062767B52C91D1A5006B896F /* Release */,
			);
			defaultConfigurationIsVisible = 0;
			defaultConfigurationName = Release;
		};
/* End XCConfigurationList section */

/* Begin XCRemoteSwiftPackageReference section */
		062767B62C91D233006B896F /* XCRemoteSwiftPackageReference "DMCachedImage" */ = {
			isa = XCRemoteSwiftPackageReference;
			repositoryURL = "https://github.com/danmori/DMCachedImage";
			requirement = {
				branch = main;
				kind = branch;
			};
		};
/* End XCRemoteSwiftPackageReference section */

/* Begin XCSwiftPackageProductDependency section */
		062767B72C91D233006B896F /* DMCachedImage */ = {
			isa = XCSwiftPackageProductDependency;
			package = 062767B62C91D233006B896F /* XCRemoteSwiftPackageReference "DMCachedImage" */;
			productName = DMCachedImage;
		};
/* End XCSwiftPackageProductDependency section */
	};
	rootObject = 062767812C91D1A3006B896F /* Project object */;
}
