{
  "originHash" : "7e69f2684ced70eab9d84aff9124eb0f1b205169e51453962db5cf0734153109",
  "pins" : [
    {
      "identity" : "dmcachedimage",
      "kind" : "remoteSourceControl",
      "location" : "https://github.com/danmori/DMCachedImage",
      "state" : {
        "branch" : "main",
        "revision" : "de8624e6ab4452ed620019e1cebe8db4da4a5610"
      }
    }
  ],
  "version" : 3
}
